hash: da61563f2eba8b569978a8d816f071db47b7fdf5748088e2d215d7d619b618cf
updated: 2016-06-08T18:17:47.960732473+02:00
imports:
- name: github.com/bmatcuk/doublestar
  version: ec3b4af762f792cb93bf2518ff9ac408dbdc2b4e
- name: github.com/inconshreveable/mousetrap
  version: 423c3cfddf366f09e6b678510c2a63bb1417e3a0
- name: github.com/Masterminds/glide
  version: ""
  subpackages:
  - cfg
  - path
  - util
  - godep/strip
  - msg
- name: github.com/Masterminds/vcs
  version: 423c3cfddf366f09e6b678510c2a63bb1417e3a0
- name: github.com/spf13/cobra
  version: 423c3cfddf366f09e6b678510c2a63bb1417e3a0
- name: github.com/spf13/pflag
  version: 423c3cfddf366f09e6b678510c2a63bb1417e3a0
- name: gopkg.in/yaml.v2
  version: 423c3cfddf366f09e6b678510c2a63bb1417e3a0
devImports: []
