hash: 4e9eb8fc04548f539b83a52ce8c2001573802b21c903fca974442e79b4690713
updated: 2016-03-04T15:02:44.735574617+01:00
imports:
- name: github.com/inconshreveable/mousetrap
  version: 76626ae9c91c4f2a10f34cad8ce83ea42c93bb75
- name: github.com/Masterminds/glide
  version: 3c7bfad8d867c6773904e7db0c0c39f544aa2e88
  subpackages:
  - cfg
  - path
  - util
- name: github.com/Masterminds/vcs
  version: 9c0db6583837118d5df7c2ae38ab1c194e434b35
- name: github.com/spf13/cobra
  version: 65a708cee0a4424f4e353d031ce440643e312f92
- name: github.com/spf13/pflag
  version: 7f60f83a2c81bc3c3c0d5297f61ddfa68da9d3b7
- name: gopkg.in/yaml.v2
  version: a83829b6f1293c91addabc89d0571c246397bbf4
devImports: []
